// !$*UTF8*$!
{
	archiveVersion = 1;
	classes = {
	};
	objectVersion = 55;
	objects = {

/* Begin PBXBuildFile section */
		F3CD4DCC28B3AE0A0064FE9B /* AppDelegate.swift in Sources */ = {isa = PBXBuildFile; fileRef = F3CD4DCB28B3AE0A0064FE9B /* AppDelegate.swift */; };
		F3CD4DCE28B3AE0A0064FE9B /* SceneDelegate.swift in Sources */ = {isa = PBXBuildFile; fileRef = F3CD4DCD28B3AE0A0064FE9B /* SceneDelegate.swift */; };
		F3CD4DD028B3AE0A0064FE9B /* ViewController.swift in Sources */ = {isa = PBXBuildFile; fileRef = F3CD4DCF28B3AE0A0064FE9B /* ViewController.swift */; };
		F3CD4DD328B3AE0A0064FE9B /* Main.storyboard in Resources */ = {isa = PBXBuildFile; fileRef = F3CD4DD128B3AE0A0064FE9B /* Main.storyboard */; };
		F3CD4DD528B3AE0F0064FE9B /* Assets.xcassets in Resources */ = {isa = PBXBuildFile; fileRef = F3CD4DD428B3AE0F0064FE9B /* Assets.xcassets */; };
		F3CD4DD828B3AE0F0064FE9B /* LaunchScreen.storyboard in Resources */ = {isa = PBXBuildFile; fileRef = F3CD4DD628B3AE0F0064FE9B /* LaunchScreen.storyboard */; };
		F3CD4DE328B3AE100064FE9B /* PokemonAppTests.swift in Sources */ = {isa = PBXBuildFile; fileRef = F3CD4DE228B3AE100064FE9B /* PokemonAppTests.swift */; };
		F3CD4DED28B3AE100064FE9B /* PokemonAppUITests.swift in Sources */ = {isa = PBXBuildFile; fileRef = F3CD4DEC28B3AE100064FE9B /* PokemonAppUITests.swift */; };
		F3CD4DEF28B3AE100064FE9B /* PokemonAppUITestsLaunchTests.swift in Sources */ = {isa = PBXBuildFile; fileRef = F3CD4DEE28B3AE100064FE9B /* PokemonAppUITestsLaunchTests.swift */; };
/* End PBXBuildFile section */

/* Begin PBXContainerItemProxy section */
		F3CD4DDF28B3AE100064FE9B /* PBXContainerItemProxy */ = {
			isa = PBXContainerItemProxy;
			containerPortal = F3CD4DC028B3AE0A0064FE9B /* Project object */;
			proxyType = 1;
			remoteGlobalIDString = F3CD4DC728B3AE0A0064FE9B;
			remoteInfo = PokemonApp;
		};
		F3CD4DE928B3AE100064FE9B /* PBXContainerItemProxy */ = {
			isa = PBXContainerItemProxy;
			containerPortal = F3CD4DC028B3AE0A0064FE9B /* Project object */;
			proxyType = 1;
			remoteGlobalIDString = F3CD4DC728B3AE0A0064FE9B;
			remoteInfo = PokemonApp;
		};
/* End PBXContainerItemProxy section */

/* Begin PBXFileReference section */
		F3CD4DC828B3AE0A0064FE9B /* PokemonApp.app */ = {isa = PBXFileReference; explicitFileType = wrapper.application; includeInIndex = 0; path = PokemonApp.app; sourceTree = BUILT_PRODUCTS_DIR; };
		F3CD4DCB28B3AE0A0064FE9B /* AppDelegate.swift */ = {isa = PBXFileReference; lastKnownFileType = sourcecode.swift; path = AppDelegate.swift; sourceTree = "<group>"; };
		F3CD4DCD28B3AE0A0064FE9B /* SceneDelegate.swift */ = {isa = PBXFileReference; lastKnownFileType = sourcecode.swift; path = SceneDelegate.swift; sourceTree = "<group>"; };
		F3CD4DCF28B3AE0A0064FE9B /* ViewController.swift */ = {isa = PBXFileReference; lastKnownFileType = sourcecode.swift; path = ViewController.swift; sourceTree = "<group>"; };
		F3CD4DD228B3AE0A0064FE9B /* Base */ = {isa = PBXFileReference; lastKnownFileType = file.storyboard; name = Base; path = Base.lproj/Main.storyboard; sourceTree = "<group>"; };
		F3CD4DD428B3AE0F0064FE9B /* Assets.xcassets */ = {isa = PBXFileReference; lastKnownFileType = folder.assetcatalog; path = Assets.xcassets; sourceTree = "<group>"; };
		F3CD4DD728B3AE0F0064FE9B /* Base */ = {isa = PBXFileReference; lastKnownFileType = file.storyboard; name = Base; path = Base.lproj/LaunchScreen.storyboard; sourceTree = "<group>"; };
		F3CD4DD928B3AE0F0064FE9B /* Info.plist */ = {isa = PBXFileReference; lastKnownFileType = text.plist.xml; path = Info.plist; sourceTree = "<group>"; };
		F3CD4DDE28B3AE100064FE9B /* PokemonAppTests.xctest */ = {isa = PBXFileReference; explicitFileType = wrapper.cfbundle; includeInIndex = 0; path = PokemonAppTests.xctest; sourceTree = BUILT_PRODUCTS_DIR; };
		F3CD4DE228B3AE100064FE9B /* PokemonAppTests.swift */ = {isa = PBXFileReference; lastKnownFileType = sourcecode.swift; path = PokemonAppTests.swift; sourceTree = "<group>"; };
		F3CD4DE828B3AE100064FE9B /* PokemonAppUITests.xctest */ = {isa = PBXFileReference; explicitFileType = wrapper.cfbundle; includeInIndex = 0; path = PokemonAppUITests.xctest; sourceTree = BUILT_PRODUCTS_DIR; };
		F3CD4DEC28B3AE100064FE9B /* PokemonAppUITests.swift */ = {isa = PBXFileReference; lastKnownFileType = sourcecode.swift; path = PokemonAppUITests.swift; sourceTree = "<group>"; };
		F3CD4DEE28B3AE100064FE9B /* PokemonAppUITestsLaunchTests.swift */ = {isa = PBXFileReference; lastKnownFileType = sourcecode.swift; path = PokemonAppUITestsLaunchTests.swift; sourceTree = "<group>"; };
/* End PBXFileReference section */

/* Begin PBXFrameworksBuildPhase section */
		F3CD4DC528B3AE0A0064FE9B /* Frameworks */ = {
			isa = PBXFrameworksBuildPhase;
			buildActionMask = 2147483647;
			files = (
			);
			runOnlyForDeploymentPostprocessing = 0;
		};
		F3CD4DDB28B3AE100064FE9B /* Frameworks */ = {
			isa = PBXFrameworksBuildPhase;
			buildActionMask = 2147483647;
			files = (
			);
			runOnlyForDeploymentPostprocessing = 0;
		};
		F3CD4DE528B3AE100064FE9B /* Frameworks */ = {
			isa = PBXFrameworksBuildPhase;
			buildActionMask = 2147483647;
			files = (
			);
			runOnlyForDeploymentPostprocessing = 0;
		};
/* End PBXFrameworksBuildPhase section */

/* Begin PBXGroup section */
		F3CD4DBF28B3AE0A0064FE9B = {
			isa = PBXGroup;
			children = (
				F3CD4DCA28B3AE0A0064FE9B /* PokemonApp */,
				F3CD4DE128B3AE100064FE9B /* PokemonAppTests */,
				F3CD4DEB28B3AE100064FE9B /* PokemonAppUITests */,
				F3CD4DC928B3AE0A0064FE9B /* Products */,
			);
			sourceTree = "<group>";
		};
		F3CD4DC928B3AE0A0064FE9B /* Products */ = {
			isa = PBXGroup;
			children = (
				F3CD4DC828B3AE0A0064FE9B /* PokemonApp.app */,
				F3CD4DDE28B3AE100064FE9B /* PokemonAppTests.xctest */,
				F3CD4DE828B3AE100064FE9B /* PokemonAppUITests.xctest */,
			);
			name = Products;
			sourceTree = "<group>";
		};
		F3CD4DCA28B3AE0A0064FE9B /* PokemonApp */ = {
			isa = PBXGroup;
			children = (
				F3CD4DCB28B3AE0A0064FE9B /* AppDelegate.swift */,
				F3CD4DCD28B3AE0A0064FE9B /* SceneDelegate.swift */,
				F3CD4DCF28B3AE0A0064FE9B /* ViewController.swift */,
				F3CD4DD128B3AE0A0064FE9B /* Main.storyboard */,
				F3CD4DD428B3AE0F0064FE9B /* Assets.xcassets */,
				F3CD4DD628B3AE0F0064FE9B /* LaunchScreen.storyboard */,
				F3CD4DD928B3AE0F0064FE9B /* Info.plist */,
			);
			path = PokemonApp;
			sourceTree = "<group>";
		};
		F3CD4DE128B3AE100064FE9B /* PokemonAppTests */ = {
			isa = PBXGroup;
			children = (
				F3CD4DE228B3AE100064FE9B /* PokemonAppTests.swift */,
			);
			path = PokemonAppTests;
			sourceTree = "<group>";
		};
		F3CD4DEB28B3AE100064FE9B /* PokemonAppUITests */ = {
			isa = PBXGroup;
			children = (
				F3CD4DEC28B3AE100064FE9B /* PokemonAppUITests.swift */,
				F3CD4DEE28B3AE100064FE9B /* PokemonAppUITestsLaunchTests.swift */,
			);
			path = PokemonAppUITests;
			sourceTree = "<group>";
		};
/* End PBXGroup section */

/* Begin PBXNativeTarget section */
		F3CD4DC728B3AE0A0064FE9B /* PokemonApp */ = {
			isa = PBXNativeTarget;
			buildConfigurationList = F3CD4DF228B3AE100064FE9B /* Build configuration list for PBXNativeTarget "PokemonApp" */;
			buildPhases = (
				F3CD4DC428B3AE0A0064FE9B /* Sources */,
				F3CD4DC528B3AE0A0064FE9B /* Frameworks */,
				F3CD4DC628B3AE0A0064FE9B /* Resources */,
			);
			buildRules = (
			);
			dependencies = (
			);
			name = PokemonApp;
			productName = PokemonApp;
			productReference = F3CD4DC828B3AE0A0064FE9B /* PokemonApp.app */;
			productType = "com.apple.product-type.application";
		};
		F3CD4DDD28B3AE100064FE9B /* PokemonAppTests */ = {
			isa = PBXNativeTarget;
			buildConfigurationList = F3CD4DF528B3AE100064FE9B /* Build configuration list for PBXNativeTarget "PokemonAppTests" */;
			buildPhases = (
				F3CD4DDA28B3AE100064FE9B /* Sources */,
				F3CD4DDB28B3AE100064FE9B /* Frameworks */,
				F3CD4DDC28B3AE100064FE9B /* Resources */,
			);
			buildRules = (
			);
			dependencies = (
				F3CD4DE028B3AE100064FE9B /* PBXTargetDependency */,
			);
			name = PokemonAppTests;
			productName = PokemonAppTests;
			productReference = F3CD4DDE28B3AE100064FE9B /* PokemonAppTests.xctest */;
			productType = "com.apple.product-type.bundle.unit-test";
		};
		F3CD4DE728B3AE100064FE9B /* PokemonAppUITests */ = {
			isa = PBXNativeTarget;
			buildConfigurationList = F3CD4DF828B3AE100064FE9B /* Build configuration list for PBXNativeTarget "PokemonAppUITests" */;
			buildPhases = (
				F3CD4DE428B3AE100064FE9B /* Sources */,
				F3CD4DE528B3AE100064FE9B /* Frameworks */,
				F3CD4DE628B3AE100064FE9B /* Resources */,
			);
			buildRules = (
			);
			dependencies = (
				F3CD4DEA28B3AE100064FE9B /* PBXTargetDependency */,
			);
			name = PokemonAppUITests;
			productName = PokemonAppUITests;
			productReference = F3CD4DE828B3AE100064FE9B /* PokemonAppUITests.xctest */;
			productType = "com.apple.product-type.bundle.ui-testing";
		};
/* End PBXNativeTarget section */

/* Begin PBXProject section */
		F3CD4DC028B3AE0A0064FE9B /* Project object */ = {
			isa = PBXProject;
			attributes = {
				BuildIndependentTargetsInParallel = 1;
				LastSwiftUpdateCheck = 1320;
				LastUpgradeCheck = 1320;
				TargetAttributes = {
					F3CD4DC728B3AE0A0064FE9B = {
						CreatedOnToolsVersion = 13.2.1;
					};
					F3CD4DDD28B3AE100064FE9B = {
						CreatedOnToolsVersion = 13.2.1;
						TestTargetID = F3CD4DC728B3AE0A0064FE9B;
					};
					F3CD4DE728B3AE100064FE9B = {
						CreatedOnToolsVersion = 13.2.1;
						TestTargetID = F3CD4DC728B3AE0A0064FE9B;
					};
				};
			};
			buildConfigurationList = F3CD4DC328B3AE0A0064FE9B /* Build configuration list for PBXProject "PokemonApp" */;
			compatibilityVersion = "Xcode 13.0";
			developmentRegion = en;
			hasScannedForEncodings = 0;
			knownRegions = (
				en,
				Base,
			);
			mainGroup = F3CD4DBF28B3AE0A0064FE9B;
			productRefGroup = F3CD4DC928B3AE0A0064FE9B /* Products */;
			projectDirPath = "";
			projectRoot = "";
			targets = (
				F3CD4DC728B3AE0A0064FE9B /* PokemonApp */,
				F3CD4DDD28B3AE100064FE9B /* PokemonAppTests */,
				F3CD4DE728B3AE100064FE9B /* PokemonAppUITests */,
			);
		};
/* End PBXProject section */

/* Begin PBXResourcesBuildPhase section */
		F3CD4DC628B3AE0A0064FE9B /* Resources */ = {
			isa = PBXResourcesBuildPhase;
			buildActionMask = 2147483647;
			files = (
				F3CD4DD828B3AE0F0064FE9B /* LaunchScreen.storyboard in Resources */,
				F3CD4DD528B3AE0F0064FE9B /* Assets.xcassets in Resources */,
				F3CD4DD328B3AE0A0064FE9B /* Main.storyboard in Resources */,
			);
			runOnlyForDeploymentPostprocessing = 0;
		};
		F3CD4DDC28B3AE100064FE9B /* Resources */ = {
			isa = PBXResourcesBuildPhase;
			buildActionMask = 2147483647;
			files = (
			);
			runOnlyForDeploymentPostprocessing = 0;
		};
		F3CD4DE628B3AE100064FE9B /* Resources */ = {
			isa = PBXResourcesBuildPhase;
			buildActionMask = 2147483647;
			files = (
			);
			runOnlyForDeploymentPostprocessing = 0;
		};
/* End PBXResourcesBuildPhase section */

/* Begin PBXSourcesBuildPhase section */
		F3CD4DC428B3AE0A0064FE9B /* Sources */ = {
			isa = PBXSourcesBuildPhase;
			buildActionMask = 2147483647;
			files = (
				F3CD4DD028B3AE0A0064FE9B /* ViewController.swift in Sources */,
				F3CD4DCC28B3AE0A0064FE9B /* AppDelegate.swift in Sources */,
				F3CD4DCE28B3AE0A0064FE9B /* SceneDelegate.swift in Sources */,
			);
			runOnlyForDeploymentPostprocessing = 0;
		};
		F3CD4DDA28B3AE100064FE9B /* Sources */ = {
			isa = PBXSourcesBuildPhase;
			buildActionMask = 2147483647;
			files = (
				F3CD4DE328B3AE100064FE9B /* PokemonAppTests.swift in Sources */,
			);
			runOnlyForDeploymentPostprocessing = 0;
		};
		F3CD4DE428B3AE100064FE9B /* Sources */ = {
			isa = PBXSourcesBuildPhase;
			buildActionMask = 2147483647;
			files = (
				F3CD4DEF28B3AE100064FE9B /* PokemonAppUITestsLaunchTests.swift in Sources */,
				F3CD4DED28B3AE100064FE9B /* PokemonAppUITests.swift in Sources */,
			);
			runOnlyForDeploymentPostprocessing = 0;
		};
/* End PBXSourcesBuildPhase section */

/* Begin PBXTargetDependency section */
		F3CD4DE028B3AE100064FE9B /* PBXTargetDependency */ = {
			isa = PBXTargetDependency;
			target = F3CD4DC728B3AE0A0064FE9B /* PokemonApp */;
			targetProxy = F3CD4DDF28B3AE100064FE9B /* PBXContainerItemProxy */;
		};
		F3CD4DEA28B3AE100064FE9B /* PBXTargetDependency */ = {
			isa = PBXTargetDependency;
			target = F3CD4DC728B3AE0A0064FE9B /* PokemonApp */;
			targetProxy = F3CD4DE928B3AE100064FE9B /* PBXContainerItemProxy */;
		};
/* End PBXTargetDependency section */

/* Begin PBXVariantGroup section */
		F3CD4DD128B3AE0A0064FE9B /* Main.storyboard */ = {
			isa = PBXVariantGroup;
			children = (
				F3CD4DD228B3AE0A0064FE9B /* Base */,
			);
			name = Main.storyboard;
			sourceTree = "<group>";
		};
		F3CD4DD628B3AE0F0064FE9B /* LaunchScreen.storyboard */ = {
			isa = PBXVariantGroup;
			children = (
				F3CD4DD728B3AE0F0064FE9B /* Base */,
			);
			name = LaunchScreen.storyboard;
			sourceTree = "<group>";
		};
/* End PBXVariantGroup section */

/* Begin XCBuildConfiguration section */
		F3CD4DF028B3AE100064FE9B /* Debug */ = {
			isa = XCBuildConfiguration;
			buildSettings = {
				ALWAYS_SEARCH_USER_PATHS = NO;
				CLANG_ANALYZER_NONNULL = YES;
				CLANG_ANALYZER_NUMBER_OBJECT_CONVERSION = YES_AGGRESSIVE;
				CLANG_CXX_LANGUAGE_STANDARD = "gnu++17";
				CLANG_CXX_LIBRARY = "libc++";
				CLANG_ENABLE_MODULES = YES;
				CLANG_ENABLE_OBJC_ARC = YES;
				CLANG_ENABLE_OBJC_WEAK = YES;
				CLANG_WARN_BLOCK_CAPTURE_AUTORELEASING = YES;
				CLANG_WARN_BOOL_CONVERSION = YES;
				CLANG_WARN_COMMA = YES;
				CLANG_WARN_CONSTANT_CONVERSION = YES;
				CLANG_WARN_DEPRECATED_OBJC_IMPLEMENTATIONS = YES;
				CLANG_WARN_DIRECT_OBJC_ISA_USAGE = YES_ERROR;
				CLANG_WARN_DOCUMENTATION_COMMENTS = YES;
				CLANG_WARN_EMPTY_BODY = YES;
				CLANG_WARN_ENUM_CONVERSION = YES;
				CLANG_WARN_INFINITE_RECURSION = YES;
				CLANG_WARN_INT_CONVERSION = YES;
				CLANG_WARN_NON_LITERAL_NULL_CONVERSION = YES;
				CLANG_WARN_OBJC_IMPLICIT_RETAIN_SELF = YES;
				CLANG_WARN_OBJC_LITERAL_CONVERSION = YES;
				CLANG_WARN_OBJC_ROOT_CLASS = YES_ERROR;
				CLANG_WARN_QUOTED_INCLUDE_IN_FRAMEWORK_HEADER = YES;
				CLANG_WARN_RANGE_LOOP_ANALYSIS = YES;
				CLANG_WARN_STRICT_PROTOTYPES = YES;
				CLANG_WARN_SUSPICIOUS_MOVE = YES;
				CLANG_WARN_UNGUARDED_AVAILABILITY = YES_AGGRESSIVE;
				CLANG_WARN_UNREACHABLE_CODE = YES;
				CLANG_WARN__DUPLICATE_METHOD_MATCH = YES;
				COPY_PHASE_STRIP = NO;
				DEBUG_INFORMATION_FORMAT = dwarf;
				ENABLE_STRICT_OBJC_MSGSEND = YES;
				ENABLE_TESTABILITY = YES;
				GCC_C_LANGUAGE_STANDARD = gnu11;
				GCC_DYNAMIC_NO_PIC = NO;
				GCC_NO_COMMON_BLOCKS = YES;
				GCC_OPTIMIZATION_LEVEL = 0;
				GCC_PREPROCESSOR_DEFINITIONS = (
					"DEBUG=1",
					"$(inherited)",
				);
				GCC_WARN_64_TO_32_BIT_CONVERSION = YES;
				GCC_WARN_ABOUT_RETURN_TYPE = YES_ERROR;
				GCC_WARN_UNDECLARED_SELECTOR = YES;
				GCC_WARN_UNINITIALIZED_AUTOS = YES_AGGRESSIVE;
				GCC_WARN_UNUSED_FUNCTION = YES;
				GCC_WARN_UNUSED_VARIABLE = YES;
				IPHONEOS_DEPLOYMENT_TARGET = 15.2;
				MTL_ENABLE_DEBUG_INFO = INCLUDE_SOURCE;
				MTL_FAST_MATH = YES;
				ONLY_ACTIVE_ARCH = YES;
				SDKROOT = iphoneos;
				SWIFT_ACTIVE_COMPILATION_CONDITIONS = DEBUG;
				SWIFT_OPTIMIZATION_LEVEL = "-Onone";
			};
			name = Debug;
		};
		F3CD4DF128B3AE100064FE9B /* Release */ = {
			isa = XCBuildConfiguration;
			buildSettings = {
				ALWAYS_SEARCH_USER_PATHS = NO;
				CLANG_ANALYZER_NONNULL = YES;
				CLANG_ANALYZER_NUMBER_OBJECT_CONVERSION = YES_AGGRESSIVE;
				CLANG_CXX_LANGUAGE_STANDARD = "gnu++17";
				CLANG_CXX_LIBRARY = "libc++";
				CLANG_ENABLE_MODULES = YES;
				CLANG_ENABLE_OBJC_ARC = YES;
				CLANG_ENABLE_OBJC_WEAK = YES;
				CLANG_WARN_BLOCK_CAPTURE_AUTORELEASING = YES;
				CLANG_WARN_BOOL_CONVERSION = YES;
				CLANG_WARN_COMMA = YES;
				CLANG_WARN_CONSTANT_CONVERSION = YES;
				CLANG_WARN_DEPRECATED_OBJC_IMPLEMENTATIONS = YES;
				CLANG_WARN_DIRECT_OBJC_ISA_USAGE = YES_ERROR;
				CLANG_WARN_DOCUMENTATION_COMMENTS = YES;
				CLANG_WARN_EMPTY_BODY = YES;
				CLANG_WARN_ENUM_CONVERSION = YES;
				CLANG_WARN_INFINITE_RECURSION = YES;
				CLANG_WARN_INT_CONVERSION = YES;
				CLANG_WARN_NON_LITERAL_NULL_CONVERSION = YES;
				CLANG_WARN_OBJC_IMPLICIT_RETAIN_SELF = YES;
				CLANG_WARN_OBJC_LITERAL_CONVERSION = YES;
				CLANG_WARN_OBJC_ROOT_CLASS = YES_ERROR;
				CLANG_WARN_QUOTED_INCLUDE_IN_FRAMEWORK_HEADER = YES;
				CLANG_WARN_RANGE_LOOP_ANALYSIS = YES;
				CLANG_WARN_STRICT_PROTOTYPES = YES;
				CLANG_WARN_SUSPICIOUS_MOVE = YES;
				CLANG_WARN_UNGUARDED_AVAILABILITY = YES_AGGRESSIVE;
				CLANG_WARN_UNREACHABLE_CODE = YES;
				CLANG_WARN__DUPLICATE_METHOD_MATCH = YES;
				COPY_PHASE_STRIP = NO;
				DEBUG_INFORMATION_FORMAT = "dwarf-with-dsym";
				ENABLE_NS_ASSERTIONS = NO;
				ENABLE_STRICT_OBJC_MSGSEND = YES;
				GCC_C_LANGUAGE_STANDARD = gnu11;
				GCC_NO_COMMON_BLOCKS = YES;
				GCC_WARN_64_TO_32_BIT_CONVERSION = YES;
				GCC_WARN_ABOUT_RETURN_TYPE = YES_ERROR;
				GCC_WARN_UNDECLARED_SELECTOR = YES;
				GCC_WARN_UNINITIALIZED_AUTOS = YES_AGGRESSIVE;
				GCC_WARN_UNUSED_FUNCTION = YES;
				GCC_WARN_UNUSED_VARIABLE = YES;
				IPHONEOS_DEPLOYMENT_TARGET = 15.2;
				MTL_ENABLE_DEBUG_INFO = NO;
				MTL_FAST_MATH = YES;
				SDKROOT = iphoneos;
				SWIFT_COMPILATION_MODE = wholemodule;
				SWIFT_OPTIMIZATION_LEVEL = "-O";
				VALIDATE_PRODUCT = YES;
			};
			name = Release;
		};
		F3CD4DF328B3AE100064FE9B /* Debug */ = {
			isa = XCBuildConfiguration;
			buildSettings = {
				ASSETCATALOG_COMPILER_APPICON_NAME = AppIcon;
				ASSETCATALOG_COMPILER_GLOBAL_ACCENT_COLOR_NAME = AccentColor;
				CODE_SIGN_STYLE = Automatic;
				CURRENT_PROJECT_VERSION = 1;
				GENERATE_INFOPLIST_FILE = YES;
				INFOPLIST_FILE = PokemonApp/Info.plist;
				INFOPLIST_KEY_UIApplicationSupportsIndirectInputEvents = YES;
				INFOPLIST_KEY_UILaunchStoryboardName = LaunchScreen;
				INFOPLIST_KEY_UIMainStoryboardFile = Main;
				INFOPLIST_KEY_UISupportedInterfaceOrientations_iPad = "UIInterfaceOrientationPortrait UIInterfaceOrientationPortraitUpsideDown UIInterfaceOrientationLandscapeLeft UIInterfaceOrientationLandscapeRight";
				INFOPLIST_KEY_UISupportedInterfaceOrientations_iPhone = "UIInterfaceOrientationPortrait UIInterfaceOrientationLandscapeLeft UIInterfaceOrientationLandscapeRight";
				LD_RUNPATH_SEARCH_PATHS = (
					"$(inherited)",
					"@executable_path/Frameworks",
				);
				MARKETING_VERSION = 1.0;
				PRODUCT_BUNDLE_IDENTIFIER = manu898.PokemonApp;
				PRODUCT_NAME = "$(TARGET_NAME)";
				SWIFT_EMIT_LOC_STRINGS = YES;
				SWIFT_VERSION = 5.0;
				TARGETED_DEVICE_FAMILY = "1,2";
			};
			name = Debug;
		};
		F3CD4DF428B3AE100064FE9B /* Release */ = {
			isa = XCBuildConfiguration;
			buildSettings = {
				ASSETCATALOG_COMPILER_APPICON_NAME = AppIcon;
				ASSETCATALOG_COMPILER_GLOBAL_ACCENT_COLOR_NAME = AccentColor;
				CODE_SIGN_STYLE = Automatic;
				CURRENT_PROJECT_VERSION = 1;
				GENERATE_INFOPLIST_FILE = YES;
				INFOPLIST_FILE = PokemonApp/Info.plist;
				INFOPLIST_KEY_UIApplicationSupportsIndirectInputEvents = YES;
				INFOPLIST_KEY_UILaunchStoryboardName = LaunchScreen;
				INFOPLIST_KEY_UIMainStoryboardFile = Main;
				INFOPLIST_KEY_UISupportedInterfaceOrientations_iPad = "UIInterfaceOrientationPortrait UIInterfaceOrientationPortraitUpsideDown UIInterfaceOrientationLandscapeLeft UIInterfaceOrientationLandscapeRight";
				INFOPLIST_KEY_UISupportedInterfaceOrientations_iPhone = "UIInterfaceOrientationPortrait UIInterfaceOrientationLandscapeLeft UIInterfaceOrientationLandscapeRight";
				LD_RUNPATH_SEARCH_PATHS = (
					"$(inherited)",
					"@executable_path/Frameworks",
				);
				MARKETING_VERSION = 1.0;
				PRODUCT_BUNDLE_IDENTIFIER = manu898.PokemonApp;
				PRODUCT_NAME = "$(TARGET_NAME)";
				SWIFT_EMIT_LOC_STRINGS = YES;
				SWIFT_VERSION = 5.0;
				TARGETED_DEVICE_FAMILY = "1,2";
			};
			name = Release;
		};
		F3CD4DF628B3AE100064FE9B /* Debug */ = {
			isa = XCBuildConfiguration;
			buildSettings = {
				ALWAYS_EMBED_SWIFT_STANDARD_LIBRARIES = YES;
				BUNDLE_LOADER = "$(TEST_HOST)";
				CODE_SIGN_STYLE = Automatic;
				CURRENT_PROJECT_VERSION = 1;
				GENERATE_INFOPLIST_FILE = YES;
				IPHONEOS_DEPLOYMENT_TARGET = 15.2;
				MARKETING_VERSION = 1.0;
				PRODUCT_BUNDLE_IDENTIFIER = manu898.PokemonAppTests;
				PRODUCT_NAME = "$(TARGET_NAME)";
				SWIFT_EMIT_LOC_STRINGS = NO;
				SWIFT_VERSION = 5.0;
				TARGETED_DEVICE_FAMILY = "1,2";
				TEST_HOST = "$(BUILT_PRODUCTS_DIR)/PokemonApp.app/PokemonApp";
			};
			name = Debug;
		};
		F3CD4DF728B3AE100064FE9B /* Release */ = {
			isa = XCBuildConfiguration;
			buildSettings = {
				ALWAYS_EMBED_SWIFT_STANDARD_LIBRARIES = YES;
				BUNDLE_LOADER = "$(TEST_HOST)";
				CODE_SIGN_STYLE = Automatic;
				CURRENT_PROJECT_VERSION = 1;
				GENERATE_INFOPLIST_FILE = YES;
				IPHONEOS_DEPLOYMENT_TARGET = 15.2;
				MARKETING_VERSION = 1.0;
				PRODUCT_BUNDLE_IDENTIFIER = manu898.PokemonAppTests;
				PRODUCT_NAME = "$(TARGET_NAME)";
				SWIFT_EMIT_LOC_STRINGS = NO;
				SWIFT_VERSION = 5.0;
				TARGETED_DEVICE_FAMILY = "1,2";
				TEST_HOST = "$(BUILT_PRODUCTS_DIR)/PokemonApp.app/PokemonApp";
			};
			name = Release;
		};
		F3CD4DF928B3AE100064FE9B /* Debug */ = {
			isa = XCBuildConfiguration;
			buildSettings = {
				ALWAYS_EMBED_SWIFT_STANDARD_LIBRARIES = YES;
				CODE_SIGN_STYLE = Automatic;
				CURRENT_PROJECT_VERSION = 1;
				GENERATE_INFOPLIST_FILE = YES;
				MARKETING_VERSION = 1.0;
				PRODUCT_BUNDLE_IDENTIFIER = manu898.PokemonAppUITests;
				PRODUCT_NAME = "$(TARGET_NAME)";
				SWIFT_EMIT_LOC_STRINGS = NO;
				SWIFT_VERSION = 5.0;
				TARGETED_DEVICE_FAMILY = "1,2";
				TEST_TARGET_NAME = PokemonApp;
			};
			name = Debug;
		};
		F3CD4DFA28B3AE100064FE9B /* Release */ = {
			isa = XCBuildConfiguration;
			buildSettings = {
				ALWAYS_EMBED_SWIFT_STANDARD_LIBRARIES = YES;
				CODE_SIGN_STYLE = Automatic;
				CURRENT_PROJECT_VERSION = 1;
				GENERATE_INFOPLIST_FILE = YES;
				MARKETING_VERSION = 1.0;
				PRODUCT_BUNDLE_IDENTIFIER = manu898.PokemonAppUITests;
				PRODUCT_NAME = "$(TARGET_NAME)";
				SWIFT_EMIT_LOC_STRINGS = NO;
				SWIFT_VERSION = 5.0;
				TARGETED_DEVICE_FAMILY = "1,2";
				TEST_TARGET_NAME = PokemonApp;
			};
			name = Release;
		};
/* End XCBuildConfiguration section */

/* Begin XCConfigurationList section */
		F3CD4DC328B3AE0A0064FE9B /* Build configuration list for PBXProject "PokemonApp" */ = {
			isa = XCConfigurationList;
			buildConfigurations = (
				F3CD4DF028B3AE100064FE9B /* Debug */,
				F3CD4DF128B3AE100064FE9B /* Release */,
			);
			defaultConfigurationIsVisible = 0;
			defaultConfigurationName = Release;
		};
		F3CD4DF228B3AE100064FE9B /* Build configuration list for PBXNativeTarget "PokemonApp" */ = {
			isa = XCConfigurationList;
			buildConfigurations = (
				F3CD4DF328B3AE100064FE9B /* Debug */,
				F3CD4DF428B3AE100064FE9B /* Release */,
			);
			defaultConfigurationIsVisible = 0;
			defaultConfigurationName = Release;
		};
		F3CD4DF528B3AE100064FE9B /* Build configuration list for PBXNativeTarget "PokemonAppTests" */ = {
			isa = XCConfigurationList;
			buildConfigurations = (
				F3CD4DF628B3AE100064FE9B /* Debug */,
				F3CD4DF728B3AE100064FE9B /* Release */,
			);
			defaultConfigurationIsVisible = 0;
			defaultConfigurationName = Release;
		};
		F3CD4DF828B3AE100064FE9B /* Build configuration list for PBXNativeTarget "PokemonAppUITests" */ = {
			isa = XCConfigurationList;
			buildConfigurations = (
				F3CD4DF928B3AE100064FE9B /* Debug */,
				F3CD4DFA28B3AE100064FE9B /* Release */,
			);
			defaultConfigurationIsVisible = 0;
			defaultConfigurationName = Release;
		};
/* End XCConfigurationList section */
	};
	rootObject = F3CD4DC028B3AE0A0064FE9B /* Project object */;
}
